{
    "version": 3,
    "terraform_version": "0.11.14",
    "serial": 512,
    "lineage": "dcc5ab2d-01a4-8e34-0123-2f9c5ce6c18f",
    "modules": [
        {
            "path": [
                "root"
            ],
            "outputs": {
                "availability_zones": {
                    "sensitive": false,
                    "type": "list",
                    "value": [
                        "us-west-2a",
                        "us-west-2b",
                        "us-west-2c",
                        "us-west-2d"
                    ]
                },
                "kops_acm_id": {
                    "sensitive": false,
                    "type": "string",
                    "value": "arn:aws:acm:us-west-2:098786959887:certificate/4f522843-d02a-4567-95b6-70efd7967d9c"
                },
                "kops_s3_bucket": {
                    "sensitive": false,
                    "type": "string",
                    "value": "flo-k8s-kops"
                },
                "kops_vpc_cidr_block": {
                    "sensitive": false,
                    "type": "string",
                    "value": "10.0.0.0/16"
                },
                "kops_vpc_private_subnet_cidrs": {
                    "sensitive": false,
                    "type": "list",
                    "value": [
                        "10.0.0.0/19",
                        "10.0.32.0/19",
                        "10.0.64.0/19"
                    ]
                },
                "kops_vpc_public_subnet_cidrs": {
                    "sensitive": false,
                    "type": "list",
                    "value": [
                        "10.0.96.0/19",
                        "10.0.128.0/19",
                        "10.0.160.0/19"
                    ]
                },
                "kubernetes_cluster_name": {
                    "sensitive": false,
                    "type": "string",
                    "value": "k8s.flocloud.co"
                },
                "region": {
                    "sensitive": false,
                    "type": "string",
                    "value": "us-west-2"
                }
            },
            "resources": {
                "data.aws_region.current": {
                    "type": "aws_region",
                    "depends_on": [],
                    "primary": {
                        "id": "us-west-2",
                        "attributes": {
                            "description": "US West (Oregon)",
                            "endpoint": "ec2.us-west-2.amazonaws.com",
                            "id": "us-west-2",
                            "name": "us-west-2"
                        },
                        "meta": {},
                        "tainted": false
                    },
                    "deposed": [],
                    "provider": "provider.aws"
                }
            },
            "depends_on": []
        },
        {
            "path": [
                "root",
                "kops"
            ],
            "outputs": {
                "inner_acm_id": {
                    "sensitive": false,
                    "type": "string",
                    "value": "arn:aws:acm:us-west-2:098786959887:certificate/4f522843-d02a-4567-95b6-70efd7967d9c"
                },
                "inner_private_subnet_cidrs": {
                    "sensitive": false,
                    "type": "list",
                    "value": [
                        "10.0.0.0/19",
                        "10.0.32.0/19",
                        "10.0.64.0/19"
                    ]
                },
                "inner_public_subnet_cidrs": {
                    "sensitive": false,
                    "type": "list",
                    "value": [
                        "10.0.96.0/19",
                        "10.0.128.0/19",
                        "10.0.160.0/19"
                    ]
                },
                "inner_vpc_azs": {
                    "sensitive": false,
                    "type": "list",
                    "value": [
                        "us-west-2a",
                        "us-west-2b",
                        "us-west-2c",
                        "us-west-2d"
                    ]
                },
                "inner_vpc_cidr_block": {
                    "sensitive": false,
                    "type": "string",
                    "value": "10.0.0.0/16"
                },
                "k8sclustername": {
                    "sensitive": false,
                    "type": "string",
                    "value": "k8s.flocloud.co"
                },
                "kops_cluster_name": {
                    "sensitive": false,
                    "type": "string",
                    "value": "k8s-k8s-flo-project"
                },
                "kops_s3_bucket": {
                    "sensitive": false,
                    "type": "string",
                    "value": "flo-k8s-kops"
                }
            },
            "resources": {
                "data.aws_acm_certificate.elb": {
                    "type": "aws_acm_certificate",
                    "depends_on": [],
                    "primary": {
                        "id": "2020-12-02 02:11:33.091292 +0000 UTC",
                        "attributes": {
                            "arn": "arn:aws:acm:us-west-2:098786959887:certificate/4f522843-d02a-4567-95b6-70efd7967d9c",
                            "domain": "*.flocloud.co",
                            "id": "2020-12-02 02:11:33.091292 +0000 UTC",
                            "most_recent": "false",
                            "statuses.#": "1",
                            "statuses.0": "ISSUED",
                            "tags.%": "0"
                        },
                        "meta": {},
                        "tainted": false
                    },
                    "deposed": [],
                    "provider": "provider.aws"
                }
            },
            "depends_on": []
        },
        {
            "path": [
                "root",
                "kops",
                "kops-bucket-s3"
            ],
            "outputs": {
                "bucket_domain_name": {
                    "sensitive": false,
                    "type": "string",
                    "value": "flo-k8s-kops"
                }
            },
            "resources": {
                "aws_s3_bucket.b_lifecyle": {
                    "type": "aws_s3_bucket",
                    "depends_on": [],
                    "primary": {
                        "id": "flo-k8s-kops",
                        "attributes": {
                            "acceleration_status": "",
                            "arn": "arn:aws:s3:::flo-k8s-kops",
                            "bucket": "flo-k8s-kops",
                            "bucket_domain_name": "flo-k8s-kops.s3.amazonaws.com",
                            "bucket_regional_domain_name": "flo-k8s-kops.s3.us-west-2.amazonaws.com",
                            "cors_rule.#": "0",
                            "grant.#": "0",
                            "hosted_zone_id": "Z3BJ6K6RIION7M",
                            "id": "flo-k8s-kops",
                            "lifecycle_rule.#": "1",
                            "lifecycle_rule.0.abort_incomplete_multipart_upload_days": "0",
                            "lifecycle_rule.0.enabled": "false",
                            "lifecycle_rule.0.expiration.#": "1",
                            "lifecycle_rule.0.expiration.0.date": "",
                            "lifecycle_rule.0.expiration.0.days": "90",
                            "lifecycle_rule.0.expiration.0.expired_object_delete_marker": "false",
                            "lifecycle_rule.0.id": "k8s-state-store-flo-lf-id",
                            "lifecycle_rule.0.noncurrent_version_expiration.#": "0",
                            "lifecycle_rule.0.noncurrent_version_transition.#": "0",
                            "lifecycle_rule.0.prefix": "",
                            "lifecycle_rule.0.tags.%": "0",
                            "lifecycle_rule.0.transition.#": "2",
                            "lifecycle_rule.0.transition.2000431762.date": "",
                            "lifecycle_rule.0.transition.2000431762.days": "30",
                            "lifecycle_rule.0.transition.2000431762.storage_class": "STANDARD_IA",
                            "lifecycle_rule.0.transition.6450812.date": "",
                            "lifecycle_rule.0.transition.6450812.days": "60",
                            "lifecycle_rule.0.transition.6450812.storage_class": "GLACIER",
                            "logging.#": "0",
                            "object_lock_configuration.#": "0",
                            "region": "us-west-2",
                            "replication_configuration.#": "0",
                            "request_payer": "BucketOwner",
                            "server_side_encryption_configuration.#": "0",
                            "tags.%": "6",
                            "tags.Deployment": "",
                            "tags.DeploymentCode": "",
                            "tags.KubernetesCluster": "",
                            "tags.Name": "k8s-state-store-flo",
                            "tags.Organisation": "",
                            "tags.Project": "",
                            "versioning.#": "1",
                            "versioning.0.enabled": "true",
                            "versioning.0.mfa_delete": "false",
                            "website.#": "0"
                        },
                        "meta": {},
                        "tainted": false
                    },
                    "deposed": [],
                    "provider": "provider.aws"
                }
            },
            "depends_on": []
        },
        {
            "path": [
                "root",
                "kops",
                "route53-k8s"
            ],
            "outputs": {
                "cluster_name": {
                    "sensitive": false,
                    "type": "string",
                    "value": "k8s.flocloud.co"
                }
            },
            "resources": {
                "aws_route53_zone.main": {
                    "type": "aws_route53_zone",
                    "depends_on": [],
                    "primary": {
                        "id": "Z1CQZEKQBHSJN7",
                        "attributes": {
                            "comment": "k8s.flocloud.co Domain",
                            "delegation_set_id": "",
                            "id": "Z1CQZEKQBHSJN7",
                            "name": "k8s.flocloud.co.",
                            "name_servers.#": "4",
                            "name_servers.0": "ns-1494.awsdns-58.org",
                            "name_servers.1": "ns-1965.awsdns-53.co.uk",
                            "name_servers.2": "ns-69.awsdns-08.com",
                            "name_servers.3": "ns-955.awsdns-55.net",
                            "tags.%": "0",
                            "vpc.#": "0",
                            "zone_id": "Z1CQZEKQBHSJN7"
                        },
                        "meta": {},
                        "tainted": false
                    },
                    "deposed": [],
                    "provider": "provider.aws"
                }
            },
            "depends_on": []
        },
        {
            "path": [
                "root",
                "kops",
                "vpc"
            ],
            "outputs": {
                "azs": {
                    "sensitive": false,
                    "type": "list",
                    "value": [
                        "us-west-2a",
                        "us-west-2b",
                        "us-west-2c",
                        "us-west-2d"
                    ]
                },
                "private_subnet_cidrs": {
                    "sensitive": false,
                    "type": "list",
                    "value": [
                        "10.0.0.0/19",
                        "10.0.32.0/19",
                        "10.0.64.0/19"
                    ]
                },
                "public_subnet_cidrs": {
                    "sensitive": false,
                    "type": "list",
                    "value": [
                        "10.0.96.0/19",
                        "10.0.128.0/19",
                        "10.0.160.0/19"
                    ]
                },
                "vpc_cidr": {
                    "sensitive": false,
                    "type": "string",
                    "value": "10.0.0.0/16"
                }
            },
            "resources": {
                "aws_internet_gateway.gw": {
                    "type": "aws_internet_gateway",
                    "depends_on": [],
                    "primary": {
                        "id": "igw-006e2ed113840e063",
                        "attributes": {
                            "arn": "arn:aws:ec2:us-west-2:098786959887:internet-gateway/igw-006e2ed113840e063",
                            "id": "igw-006e2ed113840e063",
                            "owner_id": "098786959887",
                            "tags.%": "5",
                            "tags.Deployment": "k8s-flo",
                            "tags.DeploymentCode": "k8s-flo-deploy-code",
                            "tags.KubernetesCluster": "k8s.flocloud.co",
                            "tags.Organisation": "k8s.flocloud.co",
                            "tags.Project": "k8s-flo-project",
                            "vpc_id": "vpc-06cc0d1f84a509986"
                        },
                        "meta": {},
                        "tainted": false
                    },
                    "deposed": [],
                    "provider": "provider.aws"
                },
                "aws_nat_gateway.vpc_nat": {
                    "type": "aws_nat_gateway",
                    "depends_on": [],
                    "primary": {
                        "id": "nat-0417113c4eb405221",
                        "attributes": {
                            "allocation_id": "eipalloc-09e0022af9e026976",
                            "id": "nat-0417113c4eb405221",
                            "network_interface_id": "eni-04fcd61e57a71619a",
                            "private_ip": "10.0.159.78",
                            "public_ip": "34.213.255.88",
                            "subnet_id": "subnet-0188c04674991f00b",
                            "tags.%": "0"
                        },
                        "meta": {},
                        "tainted": false
                    },
                    "deposed": [],
                    "provider": "provider.aws"
                },
                "aws_route.public_internet_gateway": {
                    "type": "aws_route",
                    "depends_on": [],
                    "primary": {
                        "id": "r-rtb-085ff55f5bfe8aba31080289494",
                        "attributes": {
                            "destination_cidr_block": "0.0.0.0/0",
                            "destination_ipv6_cidr_block": "",
                            "destination_prefix_list_id": "",
                            "egress_only_gateway_id": "",
                            "gateway_id": "igw-006e2ed113840e063",
                            "id": "r-rtb-085ff55f5bfe8aba31080289494",
                            "instance_id": "",
                            "instance_owner_id": "",
                            "nat_gateway_id": "",
                            "network_interface_id": "",
                            "origin": "CreateRoute",
                            "route_table_id": "rtb-085ff55f5bfe8aba3",
                            "state": "active",
                            "transit_gateway_id": "",
                            "vpc_peering_connection_id": ""
                        },
                        "meta": {
                            "e2bfb730-ecaa-11e6-8f88-34363bc7c4c0": {
                                "create": 120000000000,
                                "delete": 300000000000
                            }
                        },
                        "tainted": false
                    },
                    "deposed": [],
                    "provider": "provider.aws"
                },
                "aws_route_table.private": {
                    "type": "aws_route_table",
                    "depends_on": [],
                    "primary": {
                        "id": "rtb-0dae15dff304bbceb",
                        "attributes": {
                            "id": "rtb-0dae15dff304bbceb",
                            "owner_id": "098786959887",
                            "propagating_vgws.#": "0",
                            "route.#": "2",
                            "route.2724970404.cidr_block": "10.30.0.0/16",
                            "route.2724970404.egress_only_gateway_id": "",
                            "route.2724970404.gateway_id": "",
                            "route.2724970404.instance_id": "",
                            "route.2724970404.ipv6_cidr_block": "",
                            "route.2724970404.nat_gateway_id": "",
                            "route.2724970404.network_interface_id": "",
                            "route.2724970404.transit_gateway_id": "",
                            "route.2724970404.vpc_peering_connection_id": "pcx-00d839eba4225e22c",
                            "route.4078541493.cidr_block": "0.0.0.0/0",
                            "route.4078541493.egress_only_gateway_id": "",
                            "route.4078541493.gateway_id": "",
                            "route.4078541493.instance_id": "",
                            "route.4078541493.ipv6_cidr_block": "",
                            "route.4078541493.nat_gateway_id": "nat-0417113c4eb405221",
                            "route.4078541493.network_interface_id": "",
                            "route.4078541493.transit_gateway_id": "",
                            "route.4078541493.vpc_peering_connection_id": "",
                            "tags.%": "6",
                            "tags.Deployment": "k8s-flo",
                            "tags.DeploymentCode": "k8s-flo-deploy-code",
                            "tags.KubernetesCluster": "k8s.flocloud.co",
                            "tags.Name": "k8s-flo-project-private",
                            "tags.Organisation": "k8s-flo",
                            "tags.Project": "k8s-flo-project",
                            "vpc_id": "vpc-06cc0d1f84a509986"
                        },
                        "meta": {},
                        "tainted": false
                    },
                    "deposed": [],
                    "provider": "provider.aws"
                },
                "aws_route_table.public": {
                    "type": "aws_route_table",
                    "depends_on": [],
                    "primary": {
                        "id": "rtb-085ff55f5bfe8aba3",
                        "attributes": {
                            "id": "rtb-085ff55f5bfe8aba3",
                            "owner_id": "098786959887",
                            "propagating_vgws.#": "0",
                            "route.#": "2",
                            "route.1927237775.cidr_block": "0.0.0.0/0",
                            "route.1927237775.egress_only_gateway_id": "",
                            "route.1927237775.gateway_id": "igw-006e2ed113840e063",
                            "route.1927237775.instance_id": "",
                            "route.1927237775.ipv6_cidr_block": "",
                            "route.1927237775.nat_gateway_id": "",
                            "route.1927237775.network_interface_id": "",
                            "route.1927237775.transit_gateway_id": "",
                            "route.1927237775.vpc_peering_connection_id": "",
                            "route.2724970404.cidr_block": "10.30.0.0/16",
                            "route.2724970404.egress_only_gateway_id": "",
                            "route.2724970404.gateway_id": "",
                            "route.2724970404.instance_id": "",
                            "route.2724970404.ipv6_cidr_block": "",
                            "route.2724970404.nat_gateway_id": "",
                            "route.2724970404.network_interface_id": "",
                            "route.2724970404.transit_gateway_id": "",
                            "route.2724970404.vpc_peering_connection_id": "pcx-00d839eba4225e22c",
                            "tags.%": "6",
                            "tags.Deployment": "k8s-flo",
                            "tags.DeploymentCode": "k8s-flo-deploy-code",
                            "tags.KubernetesCluster": "k8s.flocloud.co",
                            "tags.Name": "k8s-flo-project-public",
                            "tags.Organisation": "k8s-flo",
                            "tags.Project": "k8s-flo-project",
                            "vpc_id": "vpc-06cc0d1f84a509986"
                        },
                        "meta": {},
                        "tainted": false
                    },
                    "deposed": [],
                    "provider": "provider.aws"
                },
                "aws_route_table_association.association_private.0": {
                    "type": "aws_route_table_association",
                    "depends_on": [],
                    "primary": {
                        "id": "rtbassoc-0e795f70f76268871",
                        "attributes": {
                            "id": "rtbassoc-0e795f70f76268871",
                            "route_table_id": "rtb-0dae15dff304bbceb",
                            "subnet_id": "subnet-07107f3cb4c7e23a0"
                        },
                        "meta": {},
                        "tainted": false
                    },
                    "deposed": [],
                    "provider": "provider.aws"
                },
                "aws_route_table_association.association_private.1": {
                    "type": "aws_route_table_association",
                    "depends_on": [],
                    "primary": {
                        "id": "rtbassoc-0d3a140ebb83b2a18",
                        "attributes": {
                            "id": "rtbassoc-0d3a140ebb83b2a18",
                            "route_table_id": "rtb-0dae15dff304bbceb",
                            "subnet_id": "subnet-01b3a1b42ad1b0b22"
                        },
                        "meta": {},
                        "tainted": false
                    },
                    "deposed": [],
                    "provider": "provider.aws"
                },
                "aws_route_table_association.association_private.2": {
                    "type": "aws_route_table_association",
                    "depends_on": [],
                    "primary": {
                        "id": "rtbassoc-017209b68582917bc",
                        "attributes": {
                            "id": "rtbassoc-017209b68582917bc",
                            "route_table_id": "rtb-0dae15dff304bbceb",
                            "subnet_id": "subnet-041a0b132a559d04c"
                        },
                        "meta": {},
                        "tainted": false
                    },
                    "deposed": [],
                    "provider": "provider.aws"
                },
                "aws_route_table_association.association_public.0": {
                    "type": "aws_route_table_association",
                    "depends_on": [],
                    "primary": {
                        "id": "rtbassoc-008fba1d4e42e252f",
                        "attributes": {
                            "id": "rtbassoc-008fba1d4e42e252f",
                            "route_table_id": "rtb-085ff55f5bfe8aba3",
                            "subnet_id": "subnet-061475aca2ddc5020"
                        },
                        "meta": {},
                        "tainted": false
                    },
                    "deposed": [],
                    "provider": "provider.aws"
                },
                "aws_route_table_association.association_public.1": {
                    "type": "aws_route_table_association",
                    "depends_on": [],
                    "primary": {
                        "id": "rtbassoc-0de3ce4a38206a1fc",
                        "attributes": {
                            "id": "rtbassoc-0de3ce4a38206a1fc",
                            "route_table_id": "rtb-085ff55f5bfe8aba3",
                            "subnet_id": "subnet-0188c04674991f00b"
                        },
                        "meta": {},
                        "tainted": false
                    },
                    "deposed": [],
                    "provider": "provider.aws"
                },
                "aws_route_table_association.association_public.2": {
                    "type": "aws_route_table_association",
                    "depends_on": [],
                    "primary": {
                        "id": "rtbassoc-02bfb48ccd108b3e6",
                        "attributes": {
                            "id": "rtbassoc-02bfb48ccd108b3e6",
                            "route_table_id": "rtb-085ff55f5bfe8aba3",
                            "subnet_id": "subnet-0e8ad285b261eb13b"
                        },
                        "meta": {},
                        "tainted": false
                    },
                    "deposed": [],
                    "provider": "provider.aws"
                },
                "aws_subnet.private.0": {
                    "type": "aws_subnet",
                    "depends_on": [],
                    "primary": {
                        "id": "subnet-07107f3cb4c7e23a0",
                        "attributes": {
                            "arn": "arn:aws:ec2:us-west-2:098786959887:subnet/subnet-07107f3cb4c7e23a0",
                            "assign_ipv6_address_on_creation": "false",
                            "availability_zone": "us-west-2a",
                            "availability_zone_id": "usw2-az2",
                            "cidr_block": "10.0.0.0/19",
                            "id": "subnet-07107f3cb4c7e23a0",
                            "ipv6_cidr_block": "",
                            "ipv6_cidr_block_association_id": "",
                            "map_public_ip_on_launch": "false",
                            "outpost_arn": "",
                            "owner_id": "098786959887",
                            "tags.%": "6",
                            "tags.Deployment": "k8s-flo",
                            "tags.DeploymentCode": "k8s-flo-deploy-code",
                            "tags.KubernetesCluster": "k8s.flocloud.co",
                            "tags.Name": "private-us-west-2a",
                            "tags.Organisation": "k8s-flo",
                            "tags.Project": "k8s-flo-project",
                            "vpc_id": "vpc-06cc0d1f84a509986"
                        },
                        "meta": {
                            "e2bfb730-ecaa-11e6-8f88-34363bc7c4c0": {
                                "create": 600000000000,
                                "delete": 1200000000000
                            },
                            "schema_version": "1"
                        },
                        "tainted": false
                    },
                    "deposed": [],
                    "provider": "provider.aws"
                },
                "aws_subnet.private.1": {
                    "type": "aws_subnet",
                    "depends_on": [],
                    "primary": {
                        "id": "subnet-01b3a1b42ad1b0b22",
                        "attributes": {
                            "arn": "arn:aws:ec2:us-west-2:098786959887:subnet/subnet-01b3a1b42ad1b0b22",
                            "assign_ipv6_address_on_creation": "false",
                            "availability_zone": "us-west-2b",
                            "availability_zone_id": "usw2-az1",
                            "cidr_block": "10.0.32.0/19",
                            "id": "subnet-01b3a1b42ad1b0b22",
                            "ipv6_cidr_block": "",
                            "ipv6_cidr_block_association_id": "",
                            "map_public_ip_on_launch": "false",
                            "outpost_arn": "",
                            "owner_id": "098786959887",
                            "tags.%": "6",
                            "tags.Deployment": "k8s-flo",
                            "tags.DeploymentCode": "k8s-flo-deploy-code",
                            "tags.KubernetesCluster": "k8s.flocloud.co",
                            "tags.Name": "private-us-west-2b",
                            "tags.Organisation": "k8s-flo",
                            "tags.Project": "k8s-flo-project",
                            "vpc_id": "vpc-06cc0d1f84a509986"
                        },
                        "meta": {
                            "e2bfb730-ecaa-11e6-8f88-34363bc7c4c0": {
                                "create": 600000000000,
                                "delete": 1200000000000
                            },
                            "schema_version": "1"
                        },
                        "tainted": false
                    },
                    "deposed": [],
                    "provider": "provider.aws"
                },
                "aws_subnet.private.2": {
                    "type": "aws_subnet",
                    "depends_on": [],
                    "primary": {
                        "id": "subnet-041a0b132a559d04c",
                        "attributes": {
                            "arn": "arn:aws:ec2:us-west-2:098786959887:subnet/subnet-041a0b132a559d04c",
                            "assign_ipv6_address_on_creation": "false",
                            "availability_zone": "us-west-2c",
                            "availability_zone_id": "usw2-az3",
                            "cidr_block": "10.0.64.0/19",
                            "id": "subnet-041a0b132a559d04c",
                            "ipv6_cidr_block": "",
                            "ipv6_cidr_block_association_id": "",
                            "map_public_ip_on_launch": "false",
                            "outpost_arn": "",
                            "owner_id": "098786959887",
                            "tags.%": "6",
                            "tags.Deployment": "k8s-flo",
                            "tags.DeploymentCode": "k8s-flo-deploy-code",
                            "tags.KubernetesCluster": "k8s.flocloud.co",
                            "tags.Name": "private-us-west-2c",
                            "tags.Organisation": "k8s-flo",
                            "tags.Project": "k8s-flo-project",
                            "vpc_id": "vpc-06cc0d1f84a509986"
                        },
                        "meta": {
                            "e2bfb730-ecaa-11e6-8f88-34363bc7c4c0": {
                                "create": 600000000000,
                                "delete": 1200000000000
                            },
                            "schema_version": "1"
                        },
                        "tainted": false
                    },
                    "deposed": [],
                    "provider": "provider.aws"
                },
                "aws_subnet.public.0": {
                    "type": "aws_subnet",
                    "depends_on": [],
                    "primary": {
                        "id": "subnet-061475aca2ddc5020",
                        "attributes": {
                            "arn": "arn:aws:ec2:us-west-2:098786959887:subnet/subnet-061475aca2ddc5020",
                            "assign_ipv6_address_on_creation": "false",
                            "availability_zone": "us-west-2a",
                            "availability_zone_id": "usw2-az2",
                            "cidr_block": "10.0.96.0/19",
                            "id": "subnet-061475aca2ddc5020",
                            "ipv6_cidr_block": "",
                            "ipv6_cidr_block_association_id": "",
                            "map_public_ip_on_launch": "false",
                            "outpost_arn": "",
                            "owner_id": "098786959887",
                            "tags.%": "6",
                            "tags.Deployment": "k8s-flo",
                            "tags.DeploymentCode": "k8s-flo-deploy-code",
                            "tags.KubernetesCluster": "k8s.flocloud.co",
                            "tags.Name": "public-us-west-2a",
                            "tags.Organisation": "k8s-flo",
                            "tags.Project": "k8s-flo-project",
                            "vpc_id": "vpc-06cc0d1f84a509986"
                        },
                        "meta": {
                            "e2bfb730-ecaa-11e6-8f88-34363bc7c4c0": {
                                "create": 600000000000,
                                "delete": 1200000000000
                            },
                            "schema_version": "1"
                        },
                        "tainted": false
                    },
                    "deposed": [],
                    "provider": "provider.aws"
                },
                "aws_subnet.public.1": {
                    "type": "aws_subnet",
                    "depends_on": [],
                    "primary": {
                        "id": "subnet-0188c04674991f00b",
                        "attributes": {
                            "arn": "arn:aws:ec2:us-west-2:098786959887:subnet/subnet-0188c04674991f00b",
                            "assign_ipv6_address_on_creation": "false",
                            "availability_zone": "us-west-2b",
                            "availability_zone_id": "usw2-az1",
                            "cidr_block": "10.0.128.0/19",
                            "id": "subnet-0188c04674991f00b",
                            "ipv6_cidr_block": "",
                            "ipv6_cidr_block_association_id": "",
                            "map_public_ip_on_launch": "false",
                            "outpost_arn": "",
                            "owner_id": "098786959887",
                            "tags.%": "6",
                            "tags.Deployment": "k8s-flo",
                            "tags.DeploymentCode": "k8s-flo-deploy-code",
                            "tags.KubernetesCluster": "k8s.flocloud.co",
                            "tags.Name": "public-us-west-2b",
                            "tags.Organisation": "k8s-flo",
                            "tags.Project": "k8s-flo-project",
                            "vpc_id": "vpc-06cc0d1f84a509986"
                        },
                        "meta": {
                            "e2bfb730-ecaa-11e6-8f88-34363bc7c4c0": {
                                "create": 600000000000,
                                "delete": 1200000000000
                            },
                            "schema_version": "1"
                        },
                        "tainted": false
                    },
                    "deposed": [],
                    "provider": "provider.aws"
                },
                "aws_subnet.public.2": {
                    "type": "aws_subnet",
                    "depends_on": [],
                    "primary": {
                        "id": "subnet-0e8ad285b261eb13b",
                        "attributes": {
                            "arn": "arn:aws:ec2:us-west-2:098786959887:subnet/subnet-0e8ad285b261eb13b",
                            "assign_ipv6_address_on_creation": "false",
                            "availability_zone": "us-west-2c",
                            "availability_zone_id": "usw2-az3",
                            "cidr_block": "10.0.160.0/19",
                            "id": "subnet-0e8ad285b261eb13b",
                            "ipv6_cidr_block": "",
                            "ipv6_cidr_block_association_id": "",
                            "map_public_ip_on_launch": "false",
                            "outpost_arn": "",
                            "owner_id": "098786959887",
                            "tags.%": "6",
                            "tags.Deployment": "k8s-flo",
                            "tags.DeploymentCode": "k8s-flo-deploy-code",
                            "tags.KubernetesCluster": "k8s.flocloud.co",
                            "tags.Name": "public-us-west-2c",
                            "tags.Organisation": "k8s-flo",
                            "tags.Project": "k8s-flo-project",
                            "vpc_id": "vpc-06cc0d1f84a509986"
                        },
                        "meta": {
                            "e2bfb730-ecaa-11e6-8f88-34363bc7c4c0": {
                                "create": 600000000000,
                                "delete": 1200000000000
                            },
                            "schema_version": "1"
                        },
                        "tainted": false
                    },
                    "deposed": [],
                    "provider": "provider.aws"
                },
                "aws_vpc.my_vpc": {
                    "type": "aws_vpc",
                    "depends_on": [],
                    "primary": {
                        "id": "vpc-06cc0d1f84a509986",
                        "attributes": {
                            "arn": "arn:aws:ec2:us-west-2:098786959887:vpc/vpc-06cc0d1f84a509986",
                            "assign_generated_ipv6_cidr_block": "false",
                            "cidr_block": "10.0.0.0/16",
                            "default_network_acl_id": "acl-0b74255de3eb0cb75",
                            "default_route_table_id": "rtb-0375a264e9d1b6df5",
                            "default_security_group_id": "sg-0d5f0183c62c51b60",
                            "dhcp_options_id": "dopt-e1156d84",
                            "enable_classiclink": "false",
                            "enable_classiclink_dns_support": "false",
                            "enable_dns_hostnames": "true",
                            "enable_dns_support": "true",
                            "id": "vpc-06cc0d1f84a509986",
                            "instance_tenancy": "default",
                            "ipv6_association_id": "",
                            "ipv6_cidr_block": "",
                            "main_route_table_id": "rtb-0375a264e9d1b6df5",
                            "owner_id": "098786959887",
                            "tags.%": "6",
                            "tags.Deployment": "k8s-flo",
                            "tags.DeploymentCode": "k8s-flo-deploy-code",
                            "tags.KubernetesCluster": "k8s.flocloud.co",
                            "tags.Name": "k8s-flo-k8s-flo-project-vpc",
                            "tags.Organisation": "k8s-flo",
                            "tags.Project": "k8s-flo-project"
                        },
                        "meta": {
                            "schema_version": "1"
                        },
                        "tainted": false
                    },
                    "deposed": [],
                    "provider": "provider.aws"
                },
                "data.aws_availability_zones.available": {
                    "type": "aws_availability_zones",
                    "depends_on": [],
                    "primary": {
                        "id": "2020-12-02 02:11:32.309068 +0000 UTC",
                        "attributes": {
                            "group_names.#": "1",
                            "group_names.528489283": "us-west-2",
                            "id": "2020-12-02 02:11:32.309068 +0000 UTC",
                            "names.#": "4",
                            "names.0": "us-west-2a",
                            "names.1": "us-west-2b",
                            "names.2": "us-west-2c",
                            "names.3": "us-west-2d",
                            "zone_ids.#": "4",
                            "zone_ids.0": "usw2-az2",
                            "zone_ids.1": "usw2-az1",
                            "zone_ids.2": "usw2-az3",
                            "zone_ids.3": "usw2-az4"
                        },
                        "meta": {},
                        "tainted": false
                    },
                    "deposed": [],
                    "provider": "provider.aws"
                },
                "random_integer.p_subnet_id": {
                    "type": "random_integer",
                    "depends_on": [],
                    "primary": {
                        "id": "1",
                        "attributes": {
                            "id": "1",
                            "max": "1",
                            "min": "0",
                            "result": "1"
                        },
                        "meta": {},
                        "tainted": false
                    },
                    "deposed": [],
                    "provider": "provider.random"
                }
            },
            "depends_on": []
        }
    ]
}
